
Microsoft Visual Studio Solution File, Format Version 12.00
# Visual Studio Version 17
VisualStudioVersion = 17.9.34723.18
MinimumVisualStudioVersion = 10.0.40219.1
Project("{FAE04EC0-301F-11D3-BF4B-00C04F79EFBC}") = "KlimaServiceApi", "KlimaServiceApi\KlimaServiceApi.csproj", "{1D2D3256-1C46-454A-A5E1-DE42854267D5}"
EndProject
Global
	GlobalSection(SolutionConfigurationPlatforms) = preSolution
		Debug|Any CPU = Debug|Any CPU
		Release|Any CPU = Release|Any CPU
	EndGlobalSection
	GlobalSection(ProjectConfigurationPlatforms) = postSolution
		{1D2D3256-1C46-454A-A5E1-DE42854267D5}.Debug|Any CPU.ActiveCfg = Debug|Any CPU
		{1D2D3256-1C46-454A-A5E1-DE42854267D5}.Debug|Any CPU.Build.0 = Debug|Any CPU
		{1D2D3256-1C46-454A-A5E1-DE42854267D5}.Release|Any CPU.ActiveCfg = Release|Any CPU
		{1D2D3256-1C46-454A-A5E1-DE42854267D5}.Release|Any CPU.Build.0 = Release|Any CPU
	EndGlobalSection
	GlobalSection(SolutionProperties) = preSolution
		HideSolutionNode = FALSE
	EndGlobalSection
	GlobalSection(ExtensibilityGlobals) = postSolution
		SolutionGuid = {C6F77C40-3CCB-4DF2-89C4-1AD4BBA2668F}
	EndGlobalSection
EndGlobal
